
Microsoft Visual Studio Solution File, Format Version 12.00
# Visual Studio 14
VisualStudioVersion = 14.0.23107.0
MinimumVisualStudioVersion = 10.0.40219.1
Project("{FAE04EC0-301F-11D3-BF4B-00C04F79EFBC}") = "Processes", "Processes\Processes.csproj", "{B0D3BEC7-6FAD-49ED-8871-AA548BEEC704}"
EndProject
Global
	GlobalSection(SolutionConfigurationPlatforms) = preSolution
		Debug|Any CPU = Debug|Any CPU
		Release|Any CPU = Release|Any CPU
	EndGlobalSection
	GlobalSection(ProjectConfigurationPlatforms) = postSolution
		{B0D3BEC7-6FAD-49ED-8871-AA548BEEC704}.Debug|Any CPU.ActiveCfg = Debug|Any CPU
		{B0D3BEC7-6FAD-49ED-8871-AA548BEEC704}.Debug|Any CPU.Build.0 = Debug|Any CPU
		{B0D3BEC7-6FAD-49ED-8871-AA548BEEC704}.Release|Any CPU.ActiveCfg = Release|Any CPU
		{B0D3BEC7-6FAD-49ED-8871-AA548BEEC704}.Release|Any CPU.Build.0 = Release|Any CPU
	EndGlobalSection
	GlobalSection(SolutionProperties) = preSolution
		HideSolutionNode = FALSE
	EndGlobalSection
EndGlobal
