
Microsoft Visual Studio Solution File, Format Version 12.00
# Visual Studio 14
VisualStudioVersion = 14.0.23107.0
MinimumVisualStudioVersion = 10.0.40219.1
Project("{FAE04EC0-301F-11D3-BF4B-00C04F79EFBC}") = "LinqExamples", "LinqExamples\LinqExamples.csproj", "{B3A1689A-6E8A-4355-9BD4-2181598DE3FB}"
EndProject
Global
	GlobalSection(SolutionConfigurationPlatforms) = preSolution
		Debug|Any CPU = Debug|Any CPU
		Release|Any CPU = Release|Any CPU
	EndGlobalSection
	GlobalSection(ProjectConfigurationPlatforms) = postSolution
		{B3A1689A-6E8A-4355-9BD4-2181598DE3FB}.Debug|Any CPU.ActiveCfg = Debug|Any CPU
		{B3A1689A-6E8A-4355-9BD4-2181598DE3FB}.Debug|Any CPU.Build.0 = Debug|Any CPU
		{B3A1689A-6E8A-4355-9BD4-2181598DE3FB}.Release|Any CPU.ActiveCfg = Release|Any CPU
		{B3A1689A-6E8A-4355-9BD4-2181598DE3FB}.Release|Any CPU.Build.0 = Release|Any CPU
	EndGlobalSection
	GlobalSection(SolutionProperties) = preSolution
		HideSolutionNode = FALSE
	EndGlobalSection
EndGlobal
